
Microsoft Visual Studio Solution File, Format Version 12.00
# Visual Studio Version 16
VisualStudioVersion = 16.0.30002.166
MinimumVisualStudioVersion = 10.0.40219.1
Project("{9A19103F-16F7-4668-BE54-9A1E7A4F7556}") = "Exercise01", "Exercise01.csproj", "{5429D8F0-EDA8-411E-99BD-95065CE6BF1B}"
EndProject
Global
	GlobalSection(SolutionConfigurationPlatforms) = preSolution
		Debug|Any CPU = Debug|Any CPU
		Release|Any CPU = Release|Any CPU
	EndGlobalSection
	GlobalSection(ProjectConfigurationPlatforms) = postSolution
		{5429D8F0-EDA8-411E-99BD-95065CE6BF1B}.Debug|Any CPU.ActiveCfg = Debug|Any CPU
		{5429D8F0-EDA8-411E-99BD-95065CE6BF1B}.Debug|Any CPU.Build.0 = Debug|Any CPU
		{5429D8F0-EDA8-411E-99BD-95065CE6BF1B}.Release|Any CPU.ActiveCfg = Release|Any CPU
		{5429D8F0-EDA8-411E-99BD-95065CE6BF1B}.Release|Any CPU.Build.0 = Release|Any CPU
	EndGlobalSection
	GlobalSection(SolutionProperties) = preSolution
		HideSolutionNode = FALSE
	EndGlobalSection
	GlobalSection(ExtensibilityGlobals) = postSolution
		SolutionGuid = {68760044-254D-4738-A55B-283B9EBD90AF}
	EndGlobalSection
EndGlobal
