
Microsoft Visual Studio Solution File, Format Version 12.00
# Visual Studio Version 16
VisualStudioVersion = 16.0.29905.134
MinimumVisualStudioVersion = 10.0.40219.1
Project("{FAE04EC0-301F-11D3-BF4B-00C04F79EFBC}") = "Console LogInApp", "Console LogInApp\Console LogInApp.csproj", "{BD8C5F0F-879D-455A-AA81-B8990D95039E}"
EndProject
Global
	GlobalSection(SolutionConfigurationPlatforms) = preSolution
		Debug|Any CPU = Debug|Any CPU
		Release|Any CPU = Release|Any CPU
	EndGlobalSection
	GlobalSection(ProjectConfigurationPlatforms) = postSolution
		{BD8C5F0F-879D-455A-AA81-B8990D95039E}.Debug|Any CPU.ActiveCfg = Debug|Any CPU
		{BD8C5F0F-879D-455A-AA81-B8990D95039E}.Debug|Any CPU.Build.0 = Debug|Any CPU
		{BD8C5F0F-879D-455A-AA81-B8990D95039E}.Release|Any CPU.ActiveCfg = Release|Any CPU
		{BD8C5F0F-879D-455A-AA81-B8990D95039E}.Release|Any CPU.Build.0 = Release|Any CPU
	EndGlobalSection
	GlobalSection(SolutionProperties) = preSolution
		HideSolutionNode = FALSE
	EndGlobalSection
	GlobalSection(ExtensibilityGlobals) = postSolution
		SolutionGuid = {DEA2175E-06C0-4C07-AC07-E4833E99531D}
	EndGlobalSection
EndGlobal
