
Microsoft Visual Studio Solution File, Format Version 12.00
# Visual Studio Version 16
VisualStudioVersion = 16.0.30002.166
MinimumVisualStudioVersion = 10.0.40219.1
Project("{FAE04EC0-301F-11D3-BF4B-00C04F79EFBC}") = "Linq.Homework", "Linq.Homework\Linq.Homework.csproj", "{F2DCFC20-F53B-4BD4-8848-771CC07D751B}"
EndProject
Global
	GlobalSection(SolutionConfigurationPlatforms) = preSolution
		Debug|Any CPU = Debug|Any CPU
		Release|Any CPU = Release|Any CPU
	EndGlobalSection
	GlobalSection(ProjectConfigurationPlatforms) = postSolution
		{F2DCFC20-F53B-4BD4-8848-771CC07D751B}.Debug|Any CPU.ActiveCfg = Debug|Any CPU
		{F2DCFC20-F53B-4BD4-8848-771CC07D751B}.Debug|Any CPU.Build.0 = Debug|Any CPU
		{F2DCFC20-F53B-4BD4-8848-771CC07D751B}.Release|Any CPU.ActiveCfg = Release|Any CPU
		{F2DCFC20-F53B-4BD4-8848-771CC07D751B}.Release|Any CPU.Build.0 = Release|Any CPU
	EndGlobalSection
	GlobalSection(SolutionProperties) = preSolution
		HideSolutionNode = FALSE
	EndGlobalSection
	GlobalSection(ExtensibilityGlobals) = postSolution
		SolutionGuid = {9D7E0F9D-0701-4A28-8218-C34E0A73E592}
	EndGlobalSection
EndGlobal
