
Microsoft Visual Studio Solution File, Format Version 12.00
# Visual Studio Version 16
VisualStudioVersion = 16.0.30002.166
MinimumVisualStudioVersion = 10.0.40219.1
Project("{FAE04EC0-301F-11D3-BF4B-00C04F79EFBC}") = "Exercise01", "Exercises\Exercise01.csproj", "{938CAC83-89F0-4871-B70E-FFB22A36EBC3}"
EndProject
Project("{FAE04EC0-301F-11D3-BF4B-00C04F79EFBC}") = "Exercise02", "Exercise02\Exercise02.csproj", "{F889EE10-B89F-4B27-945D-552189D018B8}"
EndProject
Global
	GlobalSection(SolutionConfigurationPlatforms) = preSolution
		Debug|Any CPU = Debug|Any CPU
		Release|Any CPU = Release|Any CPU
	EndGlobalSection
	GlobalSection(ProjectConfigurationPlatforms) = postSolution
		{938CAC83-89F0-4871-B70E-FFB22A36EBC3}.Debug|Any CPU.ActiveCfg = Debug|Any CPU
		{938CAC83-89F0-4871-B70E-FFB22A36EBC3}.Debug|Any CPU.Build.0 = Debug|Any CPU
		{938CAC83-89F0-4871-B70E-FFB22A36EBC3}.Release|Any CPU.ActiveCfg = Release|Any CPU
		{938CAC83-89F0-4871-B70E-FFB22A36EBC3}.Release|Any CPU.Build.0 = Release|Any CPU
		{F889EE10-B89F-4B27-945D-552189D018B8}.Debug|Any CPU.ActiveCfg = Debug|Any CPU
		{F889EE10-B89F-4B27-945D-552189D018B8}.Debug|Any CPU.Build.0 = Debug|Any CPU
		{F889EE10-B89F-4B27-945D-552189D018B8}.Release|Any CPU.ActiveCfg = Release|Any CPU
		{F889EE10-B89F-4B27-945D-552189D018B8}.Release|Any CPU.Build.0 = Release|Any CPU
	EndGlobalSection
	GlobalSection(SolutionProperties) = preSolution
		HideSolutionNode = FALSE
	EndGlobalSection
	GlobalSection(ExtensibilityGlobals) = postSolution
		SolutionGuid = {4C7E32B1-87D1-4539-9206-B1A98B726939}
	EndGlobalSection
EndGlobal
