
Microsoft Visual Studio Solution File, Format Version 12.00
# Visual Studio Version 16
VisualStudioVersion = 16.0.30002.166
MinimumVisualStudioVersion = 10.0.40219.1
Project("{FAE04EC0-301F-11D3-BF4B-00C04F79EFBC}") = "CompanyApp", "CompanyApp\CompanyApp.csproj", "{B8D2CDF6-7B16-4D69-8956-F97712BAB71B}"
EndProject
Project("{FAE04EC0-301F-11D3-BF4B-00C04F79EFBC}") = "CompanyLibrary", "CompanyLibrary\CompanyLibrary.csproj", "{965F4405-8B4D-48FB-9FA7-7FCD7B83EF76}"
EndProject
Global
	GlobalSection(SolutionConfigurationPlatforms) = preSolution
		Debug|Any CPU = Debug|Any CPU
		Release|Any CPU = Release|Any CPU
	EndGlobalSection
	GlobalSection(ProjectConfigurationPlatforms) = postSolution
		{B8D2CDF6-7B16-4D69-8956-F97712BAB71B}.Debug|Any CPU.ActiveCfg = Debug|Any CPU
		{B8D2CDF6-7B16-4D69-8956-F97712BAB71B}.Debug|Any CPU.Build.0 = Debug|Any CPU
		{B8D2CDF6-7B16-4D69-8956-F97712BAB71B}.Release|Any CPU.ActiveCfg = Release|Any CPU
		{B8D2CDF6-7B16-4D69-8956-F97712BAB71B}.Release|Any CPU.Build.0 = Release|Any CPU
		{965F4405-8B4D-48FB-9FA7-7FCD7B83EF76}.Debug|Any CPU.ActiveCfg = Debug|Any CPU
		{965F4405-8B4D-48FB-9FA7-7FCD7B83EF76}.Debug|Any CPU.Build.0 = Debug|Any CPU
		{965F4405-8B4D-48FB-9FA7-7FCD7B83EF76}.Release|Any CPU.ActiveCfg = Release|Any CPU
		{965F4405-8B4D-48FB-9FA7-7FCD7B83EF76}.Release|Any CPU.Build.0 = Release|Any CPU
	EndGlobalSection
	GlobalSection(SolutionProperties) = preSolution
		HideSolutionNode = FALSE
	EndGlobalSection
	GlobalSection(ExtensibilityGlobals) = postSolution
		SolutionGuid = {E1C7C519-1E99-418C-B551-013D3E0E766A}
	EndGlobalSection
EndGlobal
