
Microsoft Visual Studio Solution File, Format Version 12.00
# Visual Studio Version 16
VisualStudioVersion = 16.0.30002.166
MinimumVisualStudioVersion = 10.0.40219.1
Project("{FAE04EC0-301F-11D3-BF4B-00C04F79EFBC}") = "Inheritance Homework", "Inheritance Homework\Inheritance Homework.csproj", "{A49F36C5-6C45-4F8F-8CE1-E4CF63479F07}"
EndProject
Project("{FAE04EC0-301F-11D3-BF4B-00C04F79EFBC}") = "VehicleLibrary", "VehicleLibrary\VehicleLibrary.csproj", "{64CE6231-8400-437C-96B6-2F0334D7866F}"
EndProject
Global
	GlobalSection(SolutionConfigurationPlatforms) = preSolution
		Debug|Any CPU = Debug|Any CPU
		Release|Any CPU = Release|Any CPU
	EndGlobalSection
	GlobalSection(ProjectConfigurationPlatforms) = postSolution
		{A49F36C5-6C45-4F8F-8CE1-E4CF63479F07}.Debug|Any CPU.ActiveCfg = Debug|Any CPU
		{A49F36C5-6C45-4F8F-8CE1-E4CF63479F07}.Debug|Any CPU.Build.0 = Debug|Any CPU
		{A49F36C5-6C45-4F8F-8CE1-E4CF63479F07}.Release|Any CPU.ActiveCfg = Release|Any CPU
		{A49F36C5-6C45-4F8F-8CE1-E4CF63479F07}.Release|Any CPU.Build.0 = Release|Any CPU
		{64CE6231-8400-437C-96B6-2F0334D7866F}.Debug|Any CPU.ActiveCfg = Debug|Any CPU
		{64CE6231-8400-437C-96B6-2F0334D7866F}.Debug|Any CPU.Build.0 = Debug|Any CPU
		{64CE6231-8400-437C-96B6-2F0334D7866F}.Release|Any CPU.ActiveCfg = Release|Any CPU
		{64CE6231-8400-437C-96B6-2F0334D7866F}.Release|Any CPU.Build.0 = Release|Any CPU
	EndGlobalSection
	GlobalSection(SolutionProperties) = preSolution
		HideSolutionNode = FALSE
	EndGlobalSection
	GlobalSection(ExtensibilityGlobals) = postSolution
		SolutionGuid = {8BDEA5A4-3E68-4158-BE57-EC1B5C93E9B8}
	EndGlobalSection
EndGlobal
